{
    "_meta": {
        "hash": {
            "sha256": "103957ff1651a99e379baf936278cd1d07d14b2f84bb191ee81f80cf7337cdd2"
        },
        "pipfile-spec": 6,
        "requires": {
            "python_version": "3.9"
        },
        "sources": [
            {
                "name": "pypi",
                "url": "https://pypi.org/simple",
                "verify_ssl": true
            }
        ]
    },
    "default": {
        "uflash": {
            "hashes": [
                "sha256:f583d2264fcf37e3e358f1f3a4370ce43b24eb3fdf845a477202555235b52582"
            ],
            "index": "pypi",
            "version": "==2.0.0"
        }
    },
    "develop": {}
}
